github.com/laurent22/go-trash v0.0.0-20250304161307-725f51160fe4 h1:XR079ZrYxC1+JGkfHe5zgbsKvCFynwcvrO7CrdgtnSE=
github.com/laurent22/go-trash v0.0.0-20250304161307-725f51160fe4/go.mod h1:eXLX8oRhB8MuD8er7n4QQYCultp7I+dI3rZVnNAFpnk=
golang.org/x/sys v0.35.0 h1:vz1N37gP5bs89s7He8XuIYXpyY0+QlsKmzipCbUtyxI=
golang.org/x/sys v0.35.0/go.mod h1:BJP2sWEmIv4KK5OTEluFJCKSidICx8ciO85XgH3Ak8k=
